
Microsoft Visual Studio Solution File, Format Version 12.00
# Visual Studio Version 17
VisualStudioVersion = 17.9.34607.119
MinimumVisualStudioVersion = 10.0.40219.1
Project("{FAE04EC0-301F-11D3-BF4B-00C04F79EFBC}") = "CollectWordsTestProject", "CollectWordsTestProject\CollectWordsTestProject.csproj", "{7A9B99A9-0C35-4679-BDC0-3A406F16ECC3}"
EndProject
Global
	GlobalSection(SolutionConfigurationPlatforms) = preSolution
		Debug|Any CPU = Debug|Any CPU
		Release|Any CPU = Release|Any CPU
	EndGlobalSection
	GlobalSection(ProjectConfigurationPlatforms) = postSolution
		{7A9B99A9-0C35-4679-BDC0-3A406F16ECC3}.Debug|Any CPU.ActiveCfg = Debug|Any CPU
		{7A9B99A9-0C35-4679-BDC0-3A406F16ECC3}.Debug|Any CPU.Build.0 = Debug|Any CPU
		{7A9B99A9-0C35-4679-BDC0-3A406F16ECC3}.Release|Any CPU.ActiveCfg = Release|Any CPU
		{7A9B99A9-0C35-4679-BDC0-3A406F16ECC3}.Release|Any CPU.Build.0 = Release|Any CPU
	EndGlobalSection
	GlobalSection(SolutionProperties) = preSolution
		HideSolutionNode = FALSE
	EndGlobalSection
	GlobalSection(ExtensibilityGlobals) = postSolution
		SolutionGuid = {8714FFF9-C676-4775-B88F-86BF8D09EEA9}
	EndGlobalSection
EndGlobal
